
Microsoft Visual Studio Solution File, Format Version 12.00
# Visual Studio Version 17
VisualStudioVersion = 17.2.32616.157
MinimumVisualStudioVersion = 10.0.40219.1
Project("{FAE04EC0-301F-11D3-BF4B-00C04F79EFBC}") = "Mastermind", "Mastermind.csproj", "{84225807-87EC-4E32-9D90-9E29BE407CAF}"
EndProject
Global
	GlobalSection(SolutionConfigurationPlatforms) = preSolution
		Debug|Any CPU = Debug|Any CPU
		Debug|x64 = Debug|x64
		Debug|x86 = Debug|x86
		Release|Any CPU = Release|Any CPU
		Release|x64 = Release|x64
		Release|x86 = Release|x86
	EndGlobalSection
	GlobalSection(ProjectConfigurationPlatforms) = postSolution
		{84225807-87EC-4E32-9D90-9E29BE407CAF}.Debug|Any CPU.ActiveCfg = Debug|Any CPU
		{84225807-87EC-4E32-9D90-9E29BE407CAF}.Debug|Any CPU.Build.0 = Debug|Any CPU
		{84225807-87EC-4E32-9D90-9E29BE407CAF}.Debug|x64.ActiveCfg = Debug|x64
		{84225807-87EC-4E32-9D90-9E29BE407CAF}.Debug|x64.Build.0 = Debug|x64
		{84225807-87EC-4E32-9D90-9E29BE407CAF}.Debug|x86.ActiveCfg = Debug|x86
		{84225807-87EC-4E32-9D90-9E29BE407CAF}.Debug|x86.Build.0 = Debug|x86
		{84225807-87EC-4E32-9D90-9E29BE407CAF}.Release|Any CPU.ActiveCfg = Debug|Any CPU
		{84225807-87EC-4E32-9D90-9E29BE407CAF}.Release|Any CPU.Build.0 = Debug|Any CPU
		{84225807-87EC-4E32-9D90-9E29BE407CAF}.Release|x64.ActiveCfg = Debug|Any CPU
		{84225807-87EC-4E32-9D90-9E29BE407CAF}.Release|x64.Build.0 = Debug|Any CPU
		{84225807-87EC-4E32-9D90-9E29BE407CAF}.Release|x86.ActiveCfg = Release|x86
		{84225807-87EC-4E32-9D90-9E29BE407CAF}.Release|x86.Build.0 = Release|x86
	EndGlobalSection
	GlobalSection(SolutionProperties) = preSolution
		HideSolutionNode = FALSE
	EndGlobalSection
	GlobalSection(ExtensibilityGlobals) = postSolution
		SolutionGuid = {A2B46FEE-9C86-4747-B25A-56DB903D9746}
	EndGlobalSection
EndGlobal
